
Microsoft Visual Studio Solution File, Format Version 12.00
# Visual Studio Version 17
VisualStudioVersion = 17.9.34714.143
MinimumVisualStudioVersion = 10.0.40219.1
Project("{FAE04EC0-301F-11D3-BF4B-00C04F79EFBC}") = "MessengerApp_TcpServer_Console", "MessengerApp_TcpServer_Console\MessengerApp_TcpServer_Console.csproj", "{C13C28C1-C548-4BC5-BBFE-43FC8C7200D1}"
EndProject
Project("{FAE04EC0-301F-11D3-BF4B-00C04F79EFBC}") = "MessengerApp_Client", "MessengerApp_Client\MessengerApp_Client.csproj", "{EC300C6C-999F-462D-AFD0-681D86D2EA84}"
EndProject
Global
	GlobalSection(SolutionConfigurationPlatforms) = preSolution
		Debug|Any CPU = Debug|Any CPU
		Release|Any CPU = Release|Any CPU
	EndGlobalSection
	GlobalSection(ProjectConfigurationPlatforms) = postSolution
		{C13C28C1-C548-4BC5-BBFE-43FC8C7200D1}.Debug|Any CPU.ActiveCfg = Debug|Any CPU
		{C13C28C1-C548-4BC5-BBFE-43FC8C7200D1}.Debug|Any CPU.Build.0 = Debug|Any CPU
		{C13C28C1-C548-4BC5-BBFE-43FC8C7200D1}.Release|Any CPU.ActiveCfg = Release|Any CPU
		{C13C28C1-C548-4BC5-BBFE-43FC8C7200D1}.Release|Any CPU.Build.0 = Release|Any CPU
		{EC300C6C-999F-462D-AFD0-681D86D2EA84}.Debug|Any CPU.ActiveCfg = Debug|Any CPU
		{EC300C6C-999F-462D-AFD0-681D86D2EA84}.Debug|Any CPU.Build.0 = Debug|Any CPU
		{EC300C6C-999F-462D-AFD0-681D86D2EA84}.Release|Any CPU.ActiveCfg = Release|Any CPU
		{EC300C6C-999F-462D-AFD0-681D86D2EA84}.Release|Any CPU.Build.0 = Release|Any CPU
	EndGlobalSection
	GlobalSection(SolutionProperties) = preSolution
		HideSolutionNode = FALSE
	EndGlobalSection
	GlobalSection(ExtensibilityGlobals) = postSolution
		SolutionGuid = {A295EE71-4959-41E6-80ED-94BACFD338B0}
	EndGlobalSection
EndGlobal
